// !$*UTF8*$!
{
	archiveVersion = 1;
	classes = {
	};
	objectVersion = 48;
	objects = {

/* Begin PBXBuildFile section */
		C414B78D20452B1B0000072C /* music.jpeg in Resources */ = {isa = PBXBuildFile; fileRef = C414B78C20452B1B0000072C /* music.jpeg */; };
		C414B794204548630000072C /* BottomView.m in Sources */ = {isa = PBXBuildFile; fileRef = C414B793204548630000072C /* BottomView.m */; };
		C414B79820454B960000072C /* BottomView.xib in Resources */ = {isa = PBXBuildFile; fileRef = C414B79720454B960000072C /* BottomView.xib */; };
		C414B79B2045581F0000072C /* LyricView.m in Sources */ = {isa = PBXBuildFile; fileRef = C414B79A2045581F0000072C /* LyricView.m */; };
		C414B79D204558370000072C /* LyricView.xib in Resources */ = {isa = PBXBuildFile; fileRef = C414B79C204558370000072C /* LyricView.xib */; };
		C433DAE4204646990062672C /* lyric.jpg in Resources */ = {isa = PBXBuildFile; fileRef = C433DAE3204646990062672C /* lyric.jpg */; };
		C433DAE6204675F50062672C /* 001.mp3 in Resources */ = {isa = PBXBuildFile; fileRef = C433DAE5204675F50062672C /* 001.mp3 */; };
		C466241D2057685900CC493F /* background.jpg in Resources */ = {isa = PBXBuildFile; fileRef = C466241C2057685900CC493F /* background.jpg */; };
		C46901622043DAB300B7CB91 /* AppDelegate.m in Sources */ = {isa = PBXBuildFile; fileRef = C46901612043DAB300B7CB91 /* AppDelegate.m */; };
		C469016A2043DAB300B7CB91 /* Assets.xcassets in Resources */ = {isa = PBXBuildFile; fileRef = C46901692043DAB300B7CB91 /* Assets.xcassets */; };
		C469016D2043DAB300B7CB91 /* LaunchScreen.storyboard in Resources */ = {isa = PBXBuildFile; fileRef = C469016B2043DAB300B7CB91 /* LaunchScreen.storyboard */; };
		C46901702043DAB300B7CB91 /* main.m in Sources */ = {isa = PBXBuildFile; fileRef = C469016F2043DAB300B7CB91 /* main.m */; };
		C469017E2043DB3D00B7CB91 /* SettingViewController.m in Sources */ = {isa = PBXBuildFile; fileRef = C469017D2043DB3D00B7CB91 /* SettingViewController.m */; };
		C46901812043DDF900B7CB91 /* PlayViewController.m in Sources */ = {isa = PBXBuildFile; fileRef = C46901802043DDF900B7CB91 /* PlayViewController.m */; };
		C46901872043F31300B7CB91 /* MusicViewController.m in Sources */ = {isa = PBXBuildFile; fileRef = C46901862043F31300B7CB91 /* MusicViewController.m */; };
		C469018A2043F72800B7CB91 /* BaseViewController.m in Sources */ = {isa = PBXBuildFile; fileRef = C46901892043F72800B7CB91 /* BaseViewController.m */; };
		C469018D2043F74C00B7CB91 /* HomeViewController.m in Sources */ = {isa = PBXBuildFile; fileRef = C469018C2043F74C00B7CB91 /* HomeViewController.m */; };
/* End PBXBuildFile section */

/* Begin PBXFileReference section */
		C414B78C20452B1B0000072C /* music.jpeg */ = {isa = PBXFileReference; lastKnownFileType = image.jpeg; path = music.jpeg; sourceTree = "<group>"; };
		C414B792204548630000072C /* BottomView.h */ = {isa = PBXFileReference; lastKnownFileType = sourcecode.c.h; path = BottomView.h; sourceTree = "<group>"; };
		C414B793204548630000072C /* BottomView.m */ = {isa = PBXFileReference; lastKnownFileType = sourcecode.c.objc; path = BottomView.m; sourceTree = "<group>"; };
		C414B79720454B960000072C /* BottomView.xib */ = {isa = PBXFileReference; lastKnownFileType = file.xib; path = BottomView.xib; sourceTree = "<group>"; };
		C414B7992045581F0000072C /* LyricView.h */ = {isa = PBXFileReference; lastKnownFileType = sourcecode.c.h; path = LyricView.h; sourceTree = "<group>"; };
		C414B79A2045581F0000072C /* LyricView.m */ = {isa = PBXFileReference; lastKnownFileType = sourcecode.c.objc; path = LyricView.m; sourceTree = "<group>"; };
		C414B79C204558370000072C /* LyricView.xib */ = {isa = PBXFileReference; lastKnownFileType = file.xib; path = LyricView.xib; sourceTree = "<group>"; };
		C433DAE3204646990062672C /* lyric.jpg */ = {isa = PBXFileReference; lastKnownFileType = image.jpeg; path = lyric.jpg; sourceTree = "<group>"; };
		C433DAE5204675F50062672C /* 001.mp3 */ = {isa = PBXFileReference; lastKnownFileType = audio.mp3; path = 001.mp3; sourceTree = "<group>"; };
		C466241C2057685900CC493F /* background.jpg */ = {isa = PBXFileReference; lastKnownFileType = image.jpeg; path = background.jpg; sourceTree = "<group>"; };
		C469015D2043DAB300B7CB91 /* WY.app */ = {isa = PBXFileReference; explicitFileType = wrapper.application; includeInIndex = 0; path = WY.app; sourceTree = BUILT_PRODUCTS_DIR; };
		C46901602043DAB300B7CB91 /* AppDelegate.h */ = {isa = PBXFileReference; lastKnownFileType = sourcecode.c.h; path = AppDelegate.h; sourceTree = "<group>"; };
		C46901612043DAB300B7CB91 /* AppDelegate.m */ = {isa = PBXFileReference; lastKnownFileType = sourcecode.c.objc; path = AppDelegate.m; sourceTree = "<group>"; };
		C46901692043DAB300B7CB91 /* Assets.xcassets */ = {isa = PBXFileReference; lastKnownFileType = folder.assetcatalog; path = Assets.xcassets; sourceTree = "<group>"; };
		C469016C2043DAB300B7CB91 /* Base */ = {isa = PBXFileReference; lastKnownFileType = file.storyboard; name = Base; path = Base.lproj/LaunchScreen.storyboard; sourceTree = "<group>"; };
		C469016E2043DAB300B7CB91 /* Info.plist */ = {isa = PBXFileReference; lastKnownFileType = text.plist.xml; path = Info.plist; sourceTree = "<group>"; };
		C469016F2043DAB300B7CB91 /* main.m */ = {isa = PBXFileReference; lastKnownFileType = sourcecode.c.objc; path = main.m; sourceTree = "<group>"; };
		C469017C2043DB3D00B7CB91 /* SettingViewController.h */ = {isa = PBXFileReference; lastKnownFileType = sourcecode.c.h; path = SettingViewController.h; sourceTree = "<group>"; };
		C469017D2043DB3D00B7CB91 /* SettingViewController.m */ = {isa = PBXFileReference; lastKnownFileType = sourcecode.c.objc; path = SettingViewController.m; sourceTree = "<group>"; };
		C469017F2043DDF900B7CB91 /* PlayViewController.h */ = {isa = PBXFileReference; lastKnownFileType = sourcecode.c.h; path = PlayViewController.h; sourceTree = "<group>"; };
		C46901802043DDF900B7CB91 /* PlayViewController.m */ = {isa = PBXFileReference; lastKnownFileType = sourcecode.c.objc; path = PlayViewController.m; sourceTree = "<group>"; };
		C46901852043F31300B7CB91 /* MusicViewController.h */ = {isa = PBXFileReference; lastKnownFileType = sourcecode.c.h; path = MusicViewController.h; sourceTree = "<group>"; };
		C46901862043F31300B7CB91 /* MusicViewController.m */ = {isa = PBXFileReference; lastKnownFileType = sourcecode.c.objc; path = MusicViewController.m; sourceTree = "<group>"; };
		C46901882043F72800B7CB91 /* BaseViewController.h */ = {isa = PBXFileReference; lastKnownFileType = sourcecode.c.h; path = BaseViewController.h; sourceTree = "<group>"; };
		C46901892043F72800B7CB91 /* BaseViewController.m */ = {isa = PBXFileReference; lastKnownFileType = sourcecode.c.objc; path = BaseViewController.m; sourceTree = "<group>"; };
		C469018B2043F74C00B7CB91 /* HomeViewController.h */ = {isa = PBXFileReference; lastKnownFileType = sourcecode.c.h; path = HomeViewController.h; sourceTree = "<group>"; };
		C469018C2043F74C00B7CB91 /* HomeViewController.m */ = {isa = PBXFileReference; lastKnownFileType = sourcecode.c.objc; path = HomeViewController.m; sourceTree = "<group>"; };
/* End PBXFileReference section */

/* Begin PBXFrameworksBuildPhase section */
		C469015A2043DAB300B7CB91 /* Frameworks */ = {
			isa = PBXFrameworksBuildPhase;
			buildActionMask = 2147483647;
			files = (
			);
			runOnlyForDeploymentPostprocessing = 0;
		};
/* End PBXFrameworksBuildPhase section */

/* Begin PBXGroup section */
		C46901542043DAB300B7CB91 = {
			isa = PBXGroup;
			children = (
				C469015F2043DAB300B7CB91 /* WY */,
				C469015E2043DAB300B7CB91 /* Products */,
			);
			sourceTree = "<group>";
		};
		C469015E2043DAB300B7CB91 /* Products */ = {
			isa = PBXGroup;
			children = (
				C469015D2043DAB300B7CB91 /* WY.app */,
			);
			name = Products;
			sourceTree = "<group>";
		};
		C469015F2043DAB300B7CB91 /* WY */ = {
			isa = PBXGroup;
			children = (
				C414B78C20452B1B0000072C /* music.jpeg */,
				C466241C2057685900CC493F /* background.jpg */,
				C433DAE3204646990062672C /* lyric.jpg */,
				C433DAE5204675F50062672C /* 001.mp3 */,
				C46901602043DAB300B7CB91 /* AppDelegate.h */,
				C46901612043DAB300B7CB91 /* AppDelegate.m */,
				C469018B2043F74C00B7CB91 /* HomeViewController.h */,
				C469018C2043F74C00B7CB91 /* HomeViewController.m */,
				C46901852043F31300B7CB91 /* MusicViewController.h */,
				C46901862043F31300B7CB91 /* MusicViewController.m */,
				C469017C2043DB3D00B7CB91 /* SettingViewController.h */,
				C469017D2043DB3D00B7CB91 /* SettingViewController.m */,
				C469017F2043DDF900B7CB91 /* PlayViewController.h */,
				C46901802043DDF900B7CB91 /* PlayViewController.m */,
				C414B792204548630000072C /* BottomView.h */,
				C414B793204548630000072C /* BottomView.m */,
				C414B79720454B960000072C /* BottomView.xib */,
				C414B7992045581F0000072C /* LyricView.h */,
				C414B79A2045581F0000072C /* LyricView.m */,
				C414B79C204558370000072C /* LyricView.xib */,
				C46901882043F72800B7CB91 /* BaseViewController.h */,
				C46901892043F72800B7CB91 /* BaseViewController.m */,
				C46901692043DAB300B7CB91 /* Assets.xcassets */,
				C469016B2043DAB300B7CB91 /* LaunchScreen.storyboard */,
				C469016E2043DAB300B7CB91 /* Info.plist */,
				C469016F2043DAB300B7CB91 /* main.m */,
			);
			path = WY;
			sourceTree = "<group>";
		};
/* End PBXGroup section */

/* Begin PBXNativeTarget section */
		C469015C2043DAB300B7CB91 /* WY */ = {
			isa = PBXNativeTarget;
			buildConfigurationList = C46901732043DAB300B7CB91 /* Build configuration list for PBXNativeTarget "WY" */;
			buildPhases = (
				C46901592043DAB300B7CB91 /* Sources */,
				C469015A2043DAB300B7CB91 /* Frameworks */,
				C469015B2043DAB300B7CB91 /* Resources */,
			);
			buildRules = (
			);
			dependencies = (
			);
			name = WY;
			productName = WY;
			productReference = C469015D2043DAB300B7CB91 /* WY.app */;
			productType = "com.apple.product-type.application";
		};
/* End PBXNativeTarget section */

/* Begin PBXProject section */
		C46901552043DAB300B7CB91 /* Project object */ = {
			isa = PBXProject;
			attributes = {
				LastUpgradeCheck = 0920;
				ORGANIZATIONNAME = "张伟伟";
				TargetAttributes = {
					C469015C2043DAB300B7CB91 = {
						CreatedOnToolsVersion = 9.2;
						ProvisioningStyle = Automatic;
					};
				};
			};
			buildConfigurationList = C46901582043DAB300B7CB91 /* Build configuration list for PBXProject "WY" */;
			compatibilityVersion = "Xcode 8.0";
			developmentRegion = en;
			hasScannedForEncodings = 0;
			knownRegions = (
				en,
				Base,
			);
			mainGroup = C46901542043DAB300B7CB91;
			productRefGroup = C469015E2043DAB300B7CB91 /* Products */;
			projectDirPath = "";
			projectRoot = "";
			targets = (
				C469015C2043DAB300B7CB91 /* WY */,
			);
		};
/* End PBXProject section */

/* Begin PBXResourcesBuildPhase section */
		C469015B2043DAB300B7CB91 /* Resources */ = {
			isa = PBXResourcesBuildPhase;
			buildActionMask = 2147483647;
			files = (
				C466241D2057685900CC493F /* background.jpg in Resources */,
				C414B79D204558370000072C /* LyricView.xib in Resources */,
				C433DAE4204646990062672C /* lyric.jpg in Resources */,
				C469016D2043DAB300B7CB91 /* LaunchScreen.storyboard in Resources */,
				C414B79820454B960000072C /* BottomView.xib in Resources */,
				C414B78D20452B1B0000072C /* music.jpeg in Resources */,
				C433DAE6204675F50062672C /* 001.mp3 in Resources */,
				C469016A2043DAB300B7CB91 /* Assets.xcassets in Resources */,
			);
			runOnlyForDeploymentPostprocessing = 0;
		};
/* End PBXResourcesBuildPhase section */

/* Begin PBXSourcesBuildPhase section */
		C46901592043DAB300B7CB91 /* Sources */ = {
			isa = PBXSourcesBuildPhase;
			buildActionMask = 2147483647;
			files = (
				C46901872043F31300B7CB91 /* MusicViewController.m in Sources */,
				C46901702043DAB300B7CB91 /* main.m in Sources */,
				C46901622043DAB300B7CB91 /* AppDelegate.m in Sources */,
				C46901812043DDF900B7CB91 /* PlayViewController.m in Sources */,
				C469018A2043F72800B7CB91 /* BaseViewController.m in Sources */,
				C469018D2043F74C00B7CB91 /* HomeViewController.m in Sources */,
				C469017E2043DB3D00B7CB91 /* SettingViewController.m in Sources */,
				C414B794204548630000072C /* BottomView.m in Sources */,
				C414B79B2045581F0000072C /* LyricView.m in Sources */,
			);
			runOnlyForDeploymentPostprocessing = 0;
		};
/* End PBXSourcesBuildPhase section */

/* Begin PBXVariantGroup section */
		C469016B2043DAB300B7CB91 /* LaunchScreen.storyboard */ = {
			isa = PBXVariantGroup;
			children = (
				C469016C2043DAB300B7CB91 /* Base */,
			);
			name = LaunchScreen.storyboard;
			sourceTree = "<group>";
		};
/* End PBXVariantGroup section */

/* Begin XCBuildConfiguration section */
		C46901712043DAB300B7CB91 /* Debug */ = {
			isa = XCBuildConfiguration;
			buildSettings = {
				ALWAYS_SEARCH_USER_PATHS = NO;
				CLANG_ANALYZER_NONNULL = YES;
				CLANG_ANALYZER_NUMBER_OBJECT_CONVERSION = YES_AGGRESSIVE;
				CLANG_CXX_LANGUAGE_STANDARD = "gnu++14";
				CLANG_CXX_LIBRARY = "libc++";
				CLANG_ENABLE_MODULES = YES;
				CLANG_ENABLE_OBJC_ARC = YES;
				CLANG_WARN_BLOCK_CAPTURE_AUTORELEASING = YES;
				CLANG_WARN_BOOL_CONVERSION = YES;
				CLANG_WARN_COMMA = YES;
				CLANG_WARN_CONSTANT_CONVERSION = YES;
				CLANG_WARN_DIRECT_OBJC_ISA_USAGE = YES_ERROR;
				CLANG_WARN_DOCUMENTATION_COMMENTS = YES;
				CLANG_WARN_EMPTY_BODY = YES;
				CLANG_WARN_ENUM_CONVERSION = YES;
				CLANG_WARN_INFINITE_RECURSION = YES;
				CLANG_WARN_INT_CONVERSION = YES;
				CLANG_WARN_NON_LITERAL_NULL_CONVERSION = YES;
				CLANG_WARN_OBJC_LITERAL_CONVERSION = YES;
				CLANG_WARN_OBJC_ROOT_CLASS = YES_ERROR;
				CLANG_WARN_RANGE_LOOP_ANALYSIS = YES;
				CLANG_WARN_STRICT_PROTOTYPES = YES;
				CLANG_WARN_SUSPICIOUS_MOVE = YES;
				CLANG_WARN_UNGUARDED_AVAILABILITY = YES_AGGRESSIVE;
				CLANG_WARN_UNREACHABLE_CODE = YES;
				CLANG_WARN__DUPLICATE_METHOD_MATCH = YES;
				CODE_SIGN_IDENTITY = "iPhone Developer";
				COPY_PHASE_STRIP = NO;
				DEBUG_INFORMATION_FORMAT = dwarf;
				ENABLE_STRICT_OBJC_MSGSEND = YES;
				ENABLE_TESTABILITY = YES;
				GCC_C_LANGUAGE_STANDARD = gnu11;
				GCC_DYNAMIC_NO_PIC = NO;
				GCC_NO_COMMON_BLOCKS = YES;
				GCC_OPTIMIZATION_LEVEL = 0;
				GCC_PREPROCESSOR_DEFINITIONS = (
					"DEBUG=1",
					"$(inherited)",
				);
				GCC_WARN_64_TO_32_BIT_CONVERSION = YES;
				GCC_WARN_ABOUT_RETURN_TYPE = YES_ERROR;
				GCC_WARN_UNDECLARED_SELECTOR = YES;
				GCC_WARN_UNINITIALIZED_AUTOS = YES_AGGRESSIVE;
				GCC_WARN_UNUSED_FUNCTION = YES;
				GCC_WARN_UNUSED_VARIABLE = YES;
				IPHONEOS_DEPLOYMENT_TARGET = 11.2;
				MTL_ENABLE_DEBUG_INFO = YES;
				ONLY_ACTIVE_ARCH = YES;
				SDKROOT = iphoneos;
			};
			name = Debug;
		};
		C46901722043DAB300B7CB91 /* Release */ = {
			isa = XCBuildConfiguration;
			buildSettings = {
				ALWAYS_SEARCH_USER_PATHS = NO;
				CLANG_ANALYZER_NONNULL = YES;
				CLANG_ANALYZER_NUMBER_OBJECT_CONVERSION = YES_AGGRESSIVE;
				CLANG_CXX_LANGUAGE_STANDARD = "gnu++14";
				CLANG_CXX_LIBRARY = "libc++";
				CLANG_ENABLE_MODULES = YES;
				CLANG_ENABLE_OBJC_ARC = YES;
				CLANG_WARN_BLOCK_CAPTURE_AUTORELEASING = YES;
				CLANG_WARN_BOOL_CONVERSION = YES;
				CLANG_WARN_COMMA = YES;
				CLANG_WARN_CONSTANT_CONVERSION = YES;
				CLANG_WARN_DIRECT_OBJC_ISA_USAGE = YES_ERROR;
				CLANG_WARN_DOCUMENTATION_COMMENTS = YES;
				CLANG_WARN_EMPTY_BODY = YES;
				CLANG_WARN_ENUM_CONVERSION = YES;
				CLANG_WARN_INFINITE_RECURSION = YES;
				CLANG_WARN_INT_CONVERSION = YES;
				CLANG_WARN_NON_LITERAL_NULL_CONVERSION = YES;
				CLANG_WARN_OBJC_LITERAL_CONVERSION = YES;
				CLANG_WARN_OBJC_ROOT_CLASS = YES_ERROR;
				CLANG_WARN_RANGE_LOOP_ANALYSIS = YES;
				CLANG_WARN_STRICT_PROTOTYPES = YES;
				CLANG_WARN_SUSPICIOUS_MOVE = YES;
				CLANG_WARN_UNGUARDED_AVAILABILITY = YES_AGGRESSIVE;
				CLANG_WARN_UNREACHABLE_CODE = YES;
				CLANG_WARN__DUPLICATE_METHOD_MATCH = YES;
				CODE_SIGN_IDENTITY = "iPhone Developer";
				COPY_PHASE_STRIP = NO;
				DEBUG_INFORMATION_FORMAT = "dwarf-with-dsym";
				ENABLE_NS_ASSERTIONS = NO;
				ENABLE_STRICT_OBJC_MSGSEND = YES;
				GCC_C_LANGUAGE_STANDARD = gnu11;
				GCC_NO_COMMON_BLOCKS = YES;
				GCC_WARN_64_TO_32_BIT_CONVERSION = YES;
				GCC_WARN_ABOUT_RETURN_TYPE = YES_ERROR;
				GCC_WARN_UNDECLARED_SELECTOR = YES;
				GCC_WARN_UNINITIALIZED_AUTOS = YES_AGGRESSIVE;
				GCC_WARN_UNUSED_FUNCTION = YES;
				GCC_WARN_UNUSED_VARIABLE = YES;
				IPHONEOS_DEPLOYMENT_TARGET = 11.2;
				MTL_ENABLE_DEBUG_INFO = NO;
				SDKROOT = iphoneos;
				VALIDATE_PRODUCT = YES;
			};
			name = Release;
		};
		C46901742043DAB300B7CB91 /* Debug */ = {
			isa = XCBuildConfiguration;
			buildSettings = {
				ASSETCATALOG_COMPILER_APPICON_NAME = AppIcon;
				CODE_SIGN_STYLE = Automatic;
				DEVELOPMENT_TEAM = WR9GPV5Y5H;
				INFOPLIST_FILE = WY/Info.plist;
				LD_RUNPATH_SEARCH_PATHS = "$(inherited) @executable_path/Frameworks";
				PRODUCT_BUNDLE_IDENTIFIER = zww.WY;
				PRODUCT_NAME = "$(TARGET_NAME)";
				TARGETED_DEVICE_FAMILY = "1,2";
			};
			name = Debug;
		};
		C46901752043DAB300B7CB91 /* Release */ = {
			isa = XCBuildConfiguration;
			buildSettings = {
				ASSETCATALOG_COMPILER_APPICON_NAME = AppIcon;
				CODE_SIGN_STYLE = Automatic;
				DEVELOPMENT_TEAM = WR9GPV5Y5H;
				INFOPLIST_FILE = WY/Info.plist;
				LD_RUNPATH_SEARCH_PATHS = "$(inherited) @executable_path/Frameworks";
				PRODUCT_BUNDLE_IDENTIFIER = zww.WY;
				PRODUCT_NAME = "$(TARGET_NAME)";
				TARGETED_DEVICE_FAMILY = "1,2";
			};
			name = Release;
		};
/* End XCBuildConfiguration section */

/* Begin XCConfigurationList section */
		C46901582043DAB300B7CB91 /* Build configuration list for PBXProject "WY" */ = {
			isa = XCConfigurationList;
			buildConfigurations = (
				C46901712043DAB300B7CB91 /* Debug */,
				C46901722043DAB300B7CB91 /* Release */,
			);
			defaultConfigurationIsVisible = 0;
			defaultConfigurationName = Release;
		};
		C46901732043DAB300B7CB91 /* Build configuration list for PBXNativeTarget "WY" */ = {
			isa = XCConfigurationList;
			buildConfigurations = (
				C46901742043DAB300B7CB91 /* Debug */,
				C46901752043DAB300B7CB91 /* Release */,
			);
			defaultConfigurationIsVisible = 0;
			defaultConfigurationName = Release;
		};
/* End XCConfigurationList section */
	};
	rootObject = C46901552043DAB300B7CB91 /* Project object */;
}
